
Microsoft Visual Studio Solution File, Format Version 12.00
# Visual Studio Version 16
VisualStudioVersion = 16.0.29519.87
MinimumVisualStudioVersion = 10.0.40219.1
Project("{FAE04EC0-301F-11D3-BF4B-00C04F79EFBC}") = "AutocadPlugin", "AutocadPlugin.csproj", "{6B8E68DF-AB40-47E5-B425-D40D94025DAA}"
EndProject
Project("{FAE04EC0-301F-11D3-BF4B-00C04F79EFBC}") = "AutocadPlugin.UnitTests", "..\AutocadPlugin.UnitTests\AutocadPlugin.UnitTests.csproj", "{B81BF4D9-6494-408B-8571-259279D7A80F}"
EndProject
Global
	GlobalSection(SolutionConfigurationPlatforms) = preSolution
		Debug|Any CPU = Debug|Any CPU
		Release|Any CPU = Release|Any CPU
	EndGlobalSection
	GlobalSection(ProjectConfigurationPlatforms) = postSolution
		{6B8E68DF-AB40-47E5-B425-D40D94025DAA}.Debug|Any CPU.ActiveCfg = Debug|Any CPU
		{6B8E68DF-AB40-47E5-B425-D40D94025DAA}.Debug|Any CPU.Build.0 = Debug|Any CPU
		{6B8E68DF-AB40-47E5-B425-D40D94025DAA}.Release|Any CPU.ActiveCfg = Release|Any CPU
		{6B8E68DF-AB40-47E5-B425-D40D94025DAA}.Release|Any CPU.Build.0 = Release|Any CPU
		{B81BF4D9-6494-408B-8571-259279D7A80F}.Debug|Any CPU.ActiveCfg = Debug|Any CPU
		{B81BF4D9-6494-408B-8571-259279D7A80F}.Debug|Any CPU.Build.0 = Debug|Any CPU
		{B81BF4D9-6494-408B-8571-259279D7A80F}.Release|Any CPU.ActiveCfg = Release|Any CPU
		{B81BF4D9-6494-408B-8571-259279D7A80F}.Release|Any CPU.Build.0 = Release|Any CPU
	EndGlobalSection
	GlobalSection(SolutionProperties) = preSolution
		HideSolutionNode = FALSE
	EndGlobalSection
	GlobalSection(ExtensibilityGlobals) = postSolution
		SolutionGuid = {AC2ABF66-64A4-47BB-BD3E-D5936C85672D}
	EndGlobalSection
EndGlobal
